
Microsoft Visual Studio Solution File, Format Version 12.00
# Visual Studio 15
VisualStudioVersion = 15.0.28307.705
MinimumVisualStudioVersion = 10.0.40219.1
Project("{FAE04EC0-301F-11D3-BF4B-00C04F79EFBC}") = "LazyLoadSample.Android", "LazyLoadSample\LazyLoadSample.Android\LazyLoadSample.Android.csproj", "{DFBE5664-300A-4347-947B-E671B5975305}"
EndProject
Project("{FAE04EC0-301F-11D3-BF4B-00C04F79EFBC}") = "LazyLoadSample.iOS", "LazyLoadSample\LazyLoadSample.iOS\LazyLoadSample.iOS.csproj", "{F435E513-B2E7-4D71-B0E6-F9ED104640BC}"
EndProject
Project("{FAE04EC0-301F-11D3-BF4B-00C04F79EFBC}") = "LazyLoadSample.UWP", "LazyLoadSample\LazyLoadSample.UWP\LazyLoadSample.UWP.csproj", "{F871A4E2-0D1D-41B4-B2B3-79281DEDA25D}"
EndProject
Project("{FAE04EC0-301F-11D3-BF4B-00C04F79EFBC}") = "LazyLoadSample", "LazyLoadSample\LazyLoadSample\LazyLoadSample.csproj", "{4CA393DF-94F0-4C29-8B0E-84D40EEF876B}"
EndProject
Global
	GlobalSection(SolutionConfigurationPlatforms) = preSolution
		Ad-Hoc|Any CPU = Ad-Hoc|Any CPU
		Ad-Hoc|ARM = Ad-Hoc|ARM
		Ad-Hoc|iPhone = Ad-Hoc|iPhone
		Ad-Hoc|iPhoneSimulator = Ad-Hoc|iPhoneSimulator
		Ad-Hoc|x64 = Ad-Hoc|x64
		Ad-Hoc|x86 = Ad-Hoc|x86
		AppStore|Any CPU = AppStore|Any CPU
		AppStore|ARM = AppStore|ARM
		AppStore|iPhone = AppStore|iPhone
		AppStore|iPhoneSimulator = AppStore|iPhoneSimulator
		AppStore|x64 = AppStore|x64
		AppStore|x86 = AppStore|x86
		Debug|Any CPU = Debug|Any CPU
		Debug|ARM = Debug|ARM
		Debug|iPhone = Debug|iPhone
		Debug|iPhoneSimulator = Debug|iPhoneSimulator
		Debug|x64 = Debug|x64
		Debug|x86 = Debug|x86
		Release|Any CPU = Release|Any CPU
		Release|ARM = Release|ARM
		Release|iPhone = Release|iPhone
		Release|iPhoneSimulator = Release|iPhoneSimulator
		Release|x64 = Release|x64
		Release|x86 = Release|x86
	EndGlobalSection
	GlobalSection(ProjectConfigurationPlatforms) = postSolution
		{DFBE5664-300A-4347-947B-E671B5975305}.Ad-Hoc|Any CPU.ActiveCfg = Release|Any CPU
		{DFBE5664-300A-4347-947B-E671B5975305}.Ad-Hoc|Any CPU.Build.0 = Release|Any CPU
		{DFBE5664-300A-4347-947B-E671B5975305}.Ad-Hoc|Any CPU.Deploy.0 = Release|Any CPU
		{DFBE5664-300A-4347-947B-E671B5975305}.Ad-Hoc|ARM.ActiveCfg = Release|Any CPU
		{DFBE5664-300A-4347-947B-E671B5975305}.Ad-Hoc|ARM.Build.0 = Release|Any CPU
		{DFBE5664-300A-4347-947B-E671B5975305}.Ad-Hoc|ARM.Deploy.0 = Release|Any CPU
		{DFBE5664-300A-4347-947B-E671B5975305}.Ad-Hoc|iPhone.ActiveCfg = Release|Any CPU
		{DFBE5664-300A-4347-947B-E671B5975305}.Ad-Hoc|iPhone.Build.0 = Release|Any CPU
		{DFBE5664-300A-4347-947B-E671B5975305}.Ad-Hoc|iPhone.Deploy.0 = Release|Any CPU
		{DFBE5664-300A-4347-947B-E671B5975305}.Ad-Hoc|iPhoneSimulator.ActiveCfg = Release|Any CPU
		{DFBE5664-300A-4347-947B-E671B5975305}.Ad-Hoc|iPhoneSimulator.Build.0 = Release|Any CPU
		{DFBE5664-300A-4347-947B-E671B5975305}.Ad-Hoc|iPhoneSimulator.Deploy.0 = Release|Any CPU
		{DFBE5664-300A-4347-947B-E671B5975305}.Ad-Hoc|x64.ActiveCfg = Release|Any CPU
		{DFBE5664-300A-4347-947B-E671B5975305}.Ad-Hoc|x64.Build.0 = Release|Any CPU
		{DFBE5664-300A-4347-947B-E671B5975305}.Ad-Hoc|x64.Deploy.0 = Release|Any CPU
		{DFBE5664-300A-4347-947B-E671B5975305}.Ad-Hoc|x86.ActiveCfg = Release|Any CPU
		{DFBE5664-300A-4347-947B-E671B5975305}.Ad-Hoc|x86.Build.0 = Release|Any CPU
		{DFBE5664-300A-4347-947B-E671B5975305}.Ad-Hoc|x86.Deploy.0 = Release|Any CPU
		{DFBE5664-300A-4347-947B-E671B5975305}.AppStore|Any CPU.ActiveCfg = Release|Any CPU
		{DFBE5664-300A-4347-947B-E671B5975305}.AppStore|Any CPU.Build.0 = Release|Any CPU
		{DFBE5664-300A-4347-947B-E671B5975305}.AppStore|Any CPU.Deploy.0 = Release|Any CPU
		{DFBE5664-300A-4347-947B-E671B5975305}.AppStore|ARM.ActiveCfg = Release|Any CPU
		{DFBE5664-300A-4347-947B-E671B5975305}.AppStore|ARM.Build.0 = Release|Any CPU
		{DFBE5664-300A-4347-947B-E671B5975305}.AppStore|ARM.Deploy.0 = Release|Any CPU
		{DFBE5664-300A-4347-947B-E671B5975305}.AppStore|iPhone.ActiveCfg = Release|Any CPU
		{DFBE5664-300A-4347-947B-E671B5975305}.AppStore|iPhone.Build.0 = Release|Any CPU
		{DFBE5664-300A-4347-947B-E671B5975305}.AppStore|iPhone.Deploy.0 = Release|Any CPU
		{DFBE5664-300A-4347-947B-E671B5975305}.AppStore|iPhoneSimulator.ActiveCfg = Release|Any CPU
		{DFBE5664-300A-4347-947B-E671B5975305}.AppStore|iPhoneSimulator.Build.0 = Release|Any CPU
		{DFBE5664-300A-4347-947B-E671B5975305}.AppStore|iPhoneSimulator.Deploy.0 = Release|Any CPU
		{DFBE5664-300A-4347-947B-E671B5975305}.AppStore|x64.ActiveCfg = Release|Any CPU
		{DFBE5664-300A-4347-947B-E671B5975305}.AppStore|x64.Build.0 = Release|Any CPU
		{DFBE5664-300A-4347-947B-E671B5975305}.AppStore|x64.Deploy.0 = Release|Any CPU
		{DFBE5664-300A-4347-947B-E671B5975305}.AppStore|x86.ActiveCfg = Release|Any CPU
		{DFBE5664-300A-4347-947B-E671B5975305}.AppStore|x86.Build.0 = Release|Any CPU
		{DFBE5664-300A-4347-947B-E671B5975305}.AppStore|x86.Deploy.0 = Release|Any CPU
		{DFBE5664-300A-4347-947B-E671B5975305}.Debug|Any CPU.ActiveCfg = Debug|Any CPU
		{DFBE5664-300A-4347-947B-E671B5975305}.Debug|Any CPU.Build.0 = Debug|Any CPU
		{DFBE5664-300A-4347-947B-E671B5975305}.Debug|Any CPU.Deploy.0 = Debug|Any CPU
		{DFBE5664-300A-4347-947B-E671B5975305}.Debug|ARM.ActiveCfg = Debug|Any CPU
		{DFBE5664-300A-4347-947B-E671B5975305}.Debug|ARM.Build.0 = Debug|Any CPU
		{DFBE5664-300A-4347-947B-E671B5975305}.Debug|ARM.Deploy.0 = Debug|Any CPU
		{DFBE5664-300A-4347-947B-E671B5975305}.Debug|iPhone.ActiveCfg = Debug|Any CPU
		{DFBE5664-300A-4347-947B-E671B5975305}.Debug|iPhone.Build.0 = Debug|Any CPU
		{DFBE5664-300A-4347-947B-E671B5975305}.Debug|iPhone.Deploy.0 = Debug|Any CPU
		{DFBE5664-300A-4347-947B-E671B5975305}.Debug|iPhoneSimulator.ActiveCfg = Debug|Any CPU
		{DFBE5664-300A-4347-947B-E671B5975305}.Debug|iPhoneSimulator.Build.0 = Debug|Any CPU
		{DFBE5664-300A-4347-947B-E671B5975305}.Debug|iPhoneSimulator.Deploy.0 = Debug|Any CPU
		{DFBE5664-300A-4347-947B-E671B5975305}.Debug|x64.ActiveCfg = Debug|Any CPU
		{DFBE5664-300A-4347-947B-E671B5975305}.Debug|x64.Build.0 = Debug|Any CPU
		{DFBE5664-300A-4347-947B-E671B5975305}.Debug|x64.Deploy.0 = Debug|Any CPU
		{DFBE5664-300A-4347-947B-E671B5975305}.Debug|x86.ActiveCfg = Debug|Any CPU
		{DFBE5664-300A-4347-947B-E671B5975305}.Debug|x86.Build.0 = Debug|Any CPU
		{DFBE5664-300A-4347-947B-E671B5975305}.Debug|x86.Deploy.0 = Debug|Any CPU
		{DFBE5664-300A-4347-947B-E671B5975305}.Release|Any CPU.ActiveCfg = Release|Any CPU
		{DFBE5664-300A-4347-947B-E671B5975305}.Release|Any CPU.Build.0 = Release|Any CPU
		{DFBE5664-300A-4347-947B-E671B5975305}.Release|Any CPU.Deploy.0 = Release|Any CPU
		{DFBE5664-300A-4347-947B-E671B5975305}.Release|ARM.ActiveCfg = Release|Any CPU
		{DFBE5664-300A-4347-947B-E671B5975305}.Release|ARM.Build.0 = Release|Any CPU
		{DFBE5664-300A-4347-947B-E671B5975305}.Release|ARM.Deploy.0 = Release|Any CPU
		{DFBE5664-300A-4347-947B-E671B5975305}.Release|iPhone.ActiveCfg = Release|Any CPU
		{DFBE5664-300A-4347-947B-E671B5975305}.Release|iPhone.Build.0 = Release|Any CPU
		{DFBE5664-300A-4347-947B-E671B5975305}.Release|iPhone.Deploy.0 = Release|Any CPU
		{DFBE5664-300A-4347-947B-E671B5975305}.Release|iPhoneSimulator.ActiveCfg = Release|Any CPU
		{DFBE5664-300A-4347-947B-E671B5975305}.Release|iPhoneSimulator.Build.0 = Release|Any CPU
		{DFBE5664-300A-4347-947B-E671B5975305}.Release|iPhoneSimulator.Deploy.0 = Release|Any CPU
		{DFBE5664-300A-4347-947B-E671B5975305}.Release|x64.ActiveCfg = Release|Any CPU
		{DFBE5664-300A-4347-947B-E671B5975305}.Release|x64.Build.0 = Release|Any CPU
		{DFBE5664-300A-4347-947B-E671B5975305}.Release|x64.Deploy.0 = Release|Any CPU
		{DFBE5664-300A-4347-947B-E671B5975305}.Release|x86.ActiveCfg = Release|Any CPU
		{DFBE5664-300A-4347-947B-E671B5975305}.Release|x86.Build.0 = Release|Any CPU
		{DFBE5664-300A-4347-947B-E671B5975305}.Release|x86.Deploy.0 = Release|Any CPU
		{F435E513-B2E7-4D71-B0E6-F9ED104640BC}.Ad-Hoc|Any CPU.ActiveCfg = Ad-Hoc|iPhone
		{F435E513-B2E7-4D71-B0E6-F9ED104640BC}.Ad-Hoc|Any CPU.Build.0 = Ad-Hoc|iPhone
		{F435E513-B2E7-4D71-B0E6-F9ED104640BC}.Ad-Hoc|Any CPU.Deploy.0 = Ad-Hoc|iPhone
		{F435E513-B2E7-4D71-B0E6-F9ED104640BC}.Ad-Hoc|ARM.ActiveCfg = Ad-Hoc|iPhone
		{F435E513-B2E7-4D71-B0E6-F9ED104640BC}.Ad-Hoc|ARM.Build.0 = Ad-Hoc|iPhone
		{F435E513-B2E7-4D71-B0E6-F9ED104640BC}.Ad-Hoc|ARM.Deploy.0 = Ad-Hoc|iPhone
		{F435E513-B2E7-4D71-B0E6-F9ED104640BC}.Ad-Hoc|iPhone.ActiveCfg = Ad-Hoc|iPhone
		{F435E513-B2E7-4D71-B0E6-F9ED104640BC}.Ad-Hoc|iPhone.Build.0 = Ad-Hoc|iPhone
		{F435E513-B2E7-4D71-B0E6-F9ED104640BC}.Ad-Hoc|iPhone.Deploy.0 = Ad-Hoc|iPhone
		{F435E513-B2E7-4D71-B0E6-F9ED104640BC}.Ad-Hoc|iPhoneSimulator.ActiveCfg = Ad-Hoc|iPhoneSimulator
		{F435E513-B2E7-4D71-B0E6-F9ED104640BC}.Ad-Hoc|iPhoneSimulator.Build.0 = Ad-Hoc|iPhoneSimulator
		{F435E513-B2E7-4D71-B0E6-F9ED104640BC}.Ad-Hoc|iPhoneSimulator.Deploy.0 = Ad-Hoc|iPhoneSimulator
		{F435E513-B2E7-4D71-B0E6-F9ED104640BC}.Ad-Hoc|x64.ActiveCfg = Ad-Hoc|iPhone
		{F435E513-B2E7-4D71-B0E6-F9ED104640BC}.Ad-Hoc|x64.Build.0 = Ad-Hoc|iPhone
		{F435E513-B2E7-4D71-B0E6-F9ED104640BC}.Ad-Hoc|x64.Deploy.0 = Ad-Hoc|iPhone
		{F435E513-B2E7-4D71-B0E6-F9ED104640BC}.Ad-Hoc|x86.ActiveCfg = Ad-Hoc|iPhone
		{F435E513-B2E7-4D71-B0E6-F9ED104640BC}.Ad-Hoc|x86.Build.0 = Ad-Hoc|iPhone
		{F435E513-B2E7-4D71-B0E6-F9ED104640BC}.Ad-Hoc|x86.Deploy.0 = Ad-Hoc|iPhone
		{F435E513-B2E7-4D71-B0E6-F9ED104640BC}.AppStore|Any CPU.ActiveCfg = AppStore|iPhone
		{F435E513-B2E7-4D71-B0E6-F9ED104640BC}.AppStore|Any CPU.Build.0 = AppStore|iPhone
		{F435E513-B2E7-4D71-B0E6-F9ED104640BC}.AppStore|Any CPU.Deploy.0 = AppStore|iPhone
		{F435E513-B2E7-4D71-B0E6-F9ED104640BC}.AppStore|ARM.ActiveCfg = AppStore|iPhone
		{F435E513-B2E7-4D71-B0E6-F9ED104640BC}.AppStore|ARM.Build.0 = AppStore|iPhone
		{F435E513-B2E7-4D71-B0E6-F9ED104640BC}.AppStore|ARM.Deploy.0 = AppStore|iPhone
		{F435E513-B2E7-4D71-B0E6-F9ED104640BC}.AppStore|iPhone.ActiveCfg = AppStore|iPhone
		{F435E513-B2E7-4D71-B0E6-F9ED104640BC}.AppStore|iPhone.Build.0 = AppStore|iPhone
		{F435E513-B2E7-4D71-B0E6-F9ED104640BC}.AppStore|iPhone.Deploy.0 = AppStore|iPhone
		{F435E513-B2E7-4D71-B0E6-F9ED104640BC}.AppStore|iPhoneSimulator.ActiveCfg = AppStore|iPhoneSimulator
		{F435E513-B2E7-4D71-B0E6-F9ED104640BC}.AppStore|iPhoneSimulator.Build.0 = AppStore|iPhoneSimulator
		{F435E513-B2E7-4D71-B0E6-F9ED104640BC}.AppStore|iPhoneSimulator.Deploy.0 = AppStore|iPhoneSimulator
		{F435E513-B2E7-4D71-B0E6-F9ED104640BC}.AppStore|x64.ActiveCfg = AppStore|iPhone
		{F435E513-B2E7-4D71-B0E6-F9ED104640BC}.AppStore|x64.Build.0 = AppStore|iPhone
		{F435E513-B2E7-4D71-B0E6-F9ED104640BC}.AppStore|x64.Deploy.0 = AppStore|iPhone
		{F435E513-B2E7-4D71-B0E6-F9ED104640BC}.AppStore|x86.ActiveCfg = AppStore|iPhone
		{F435E513-B2E7-4D71-B0E6-F9ED104640BC}.AppStore|x86.Build.0 = AppStore|iPhone
		{F435E513-B2E7-4D71-B0E6-F9ED104640BC}.AppStore|x86.Deploy.0 = AppStore|iPhone
		{F435E513-B2E7-4D71-B0E6-F9ED104640BC}.Debug|Any CPU.ActiveCfg = Debug|iPhoneSimulator
		{F435E513-B2E7-4D71-B0E6-F9ED104640BC}.Debug|Any CPU.Build.0 = Debug|iPhoneSimulator
		{F435E513-B2E7-4D71-B0E6-F9ED104640BC}.Debug|Any CPU.Deploy.0 = Debug|iPhoneSimulator
		{F435E513-B2E7-4D71-B0E6-F9ED104640BC}.Debug|ARM.ActiveCfg = Debug|iPhone
		{F435E513-B2E7-4D71-B0E6-F9ED104640BC}.Debug|ARM.Build.0 = Debug|iPhone
		{F435E513-B2E7-4D71-B0E6-F9ED104640BC}.Debug|ARM.Deploy.0 = Debug|iPhone
		{F435E513-B2E7-4D71-B0E6-F9ED104640BC}.Debug|iPhone.ActiveCfg = Debug|iPhone
		{F435E513-B2E7-4D71-B0E6-F9ED104640BC}.Debug|iPhone.Build.0 = Debug|iPhone
		{F435E513-B2E7-4D71-B0E6-F9ED104640BC}.Debug|iPhone.Deploy.0 = Debug|iPhone
		{F435E513-B2E7-4D71-B0E6-F9ED104640BC}.Debug|iPhoneSimulator.ActiveCfg = Debug|iPhoneSimulator
		{F435E513-B2E7-4D71-B0E6-F9ED104640BC}.Debug|iPhoneSimulator.Build.0 = Debug|iPhoneSimulator
		{F435E513-B2E7-4D71-B0E6-F9ED104640BC}.Debug|iPhoneSimulator.Deploy.0 = Debug|iPhoneSimulator
		{F435E513-B2E7-4D71-B0E6-F9ED104640BC}.Debug|x64.ActiveCfg = Debug|iPhone
		{F435E513-B2E7-4D71-B0E6-F9ED104640BC}.Debug|x64.Build.0 = Debug|iPhone
		{F435E513-B2E7-4D71-B0E6-F9ED104640BC}.Debug|x64.Deploy.0 = Debug|iPhone
		{F435E513-B2E7-4D71-B0E6-F9ED104640BC}.Debug|x86.ActiveCfg = Debug|iPhone
		{F435E513-B2E7-4D71-B0E6-F9ED104640BC}.Debug|x86.Build.0 = Debug|iPhone
		{F435E513-B2E7-4D71-B0E6-F9ED104640BC}.Debug|x86.Deploy.0 = Debug|iPhone
		{F435E513-B2E7-4D71-B0E6-F9ED104640BC}.Release|Any CPU.ActiveCfg = Release|iPhone
		{F435E513-B2E7-4D71-B0E6-F9ED104640BC}.Release|Any CPU.Build.0 = Release|iPhone
		{F435E513-B2E7-4D71-B0E6-F9ED104640BC}.Release|Any CPU.Deploy.0 = Release|iPhone
		{F435E513-B2E7-4D71-B0E6-F9ED104640BC}.Release|ARM.ActiveCfg = Release|iPhone
		{F435E513-B2E7-4D71-B0E6-F9ED104640BC}.Release|ARM.Build.0 = Release|iPhone
		{F435E513-B2E7-4D71-B0E6-F9ED104640BC}.Release|ARM.Deploy.0 = Release|iPhone
		{F435E513-B2E7-4D71-B0E6-F9ED104640BC}.Release|iPhone.ActiveCfg = Release|iPhone
		{F435E513-B2E7-4D71-B0E6-F9ED104640BC}.Release|iPhone.Build.0 = Release|iPhone
		{F435E513-B2E7-4D71-B0E6-F9ED104640BC}.Release|iPhone.Deploy.0 = Release|iPhone
		{F435E513-B2E7-4D71-B0E6-F9ED104640BC}.Release|iPhoneSimulator.ActiveCfg = Release|iPhoneSimulator
		{F435E513-B2E7-4D71-B0E6-F9ED104640BC}.Release|iPhoneSimulator.Build.0 = Release|iPhoneSimulator
		{F435E513-B2E7-4D71-B0E6-F9ED104640BC}.Release|iPhoneSimulator.Deploy.0 = Release|iPhoneSimulator
		{F435E513-B2E7-4D71-B0E6-F9ED104640BC}.Release|x64.ActiveCfg = Release|iPhone
		{F435E513-B2E7-4D71-B0E6-F9ED104640BC}.Release|x64.Build.0 = Release|iPhone
		{F435E513-B2E7-4D71-B0E6-F9ED104640BC}.Release|x64.Deploy.0 = Release|iPhone
		{F435E513-B2E7-4D71-B0E6-F9ED104640BC}.Release|x86.ActiveCfg = Release|iPhone
		{F435E513-B2E7-4D71-B0E6-F9ED104640BC}.Release|x86.Build.0 = Release|iPhone
		{F435E513-B2E7-4D71-B0E6-F9ED104640BC}.Release|x86.Deploy.0 = Release|iPhone
		{F871A4E2-0D1D-41B4-B2B3-79281DEDA25D}.Ad-Hoc|Any CPU.ActiveCfg = Release|x86
		{F871A4E2-0D1D-41B4-B2B3-79281DEDA25D}.Ad-Hoc|Any CPU.Build.0 = Release|x86
		{F871A4E2-0D1D-41B4-B2B3-79281DEDA25D}.Ad-Hoc|Any CPU.Deploy.0 = Release|x86
		{F871A4E2-0D1D-41B4-B2B3-79281DEDA25D}.Ad-Hoc|ARM.ActiveCfg = Release|ARM
		{F871A4E2-0D1D-41B4-B2B3-79281DEDA25D}.Ad-Hoc|ARM.Build.0 = Release|ARM
		{F871A4E2-0D1D-41B4-B2B3-79281DEDA25D}.Ad-Hoc|ARM.Deploy.0 = Release|ARM
		{F871A4E2-0D1D-41B4-B2B3-79281DEDA25D}.Ad-Hoc|iPhone.ActiveCfg = Release|x86
		{F871A4E2-0D1D-41B4-B2B3-79281DEDA25D}.Ad-Hoc|iPhone.Build.0 = Release|x86
		{F871A4E2-0D1D-41B4-B2B3-79281DEDA25D}.Ad-Hoc|iPhone.Deploy.0 = Release|x86
		{F871A4E2-0D1D-41B4-B2B3-79281DEDA25D}.Ad-Hoc|iPhoneSimulator.ActiveCfg = Release|x86
		{F871A4E2-0D1D-41B4-B2B3-79281DEDA25D}.Ad-Hoc|iPhoneSimulator.Build.0 = Release|x86
		{F871A4E2-0D1D-41B4-B2B3-79281DEDA25D}.Ad-Hoc|iPhoneSimulator.Deploy.0 = Release|x86
		{F871A4E2-0D1D-41B4-B2B3-79281DEDA25D}.Ad-Hoc|x64.ActiveCfg = Release|x64
		{F871A4E2-0D1D-41B4-B2B3-79281DEDA25D}.Ad-Hoc|x64.Build.0 = Release|x64
		{F871A4E2-0D1D-41B4-B2B3-79281DEDA25D}.Ad-Hoc|x64.Deploy.0 = Release|x64
		{F871A4E2-0D1D-41B4-B2B3-79281DEDA25D}.Ad-Hoc|x86.ActiveCfg = Release|x86
		{F871A4E2-0D1D-41B4-B2B3-79281DEDA25D}.Ad-Hoc|x86.Build.0 = Release|x86
		{F871A4E2-0D1D-41B4-B2B3-79281DEDA25D}.Ad-Hoc|x86.Deploy.0 = Release|x86
		{F871A4E2-0D1D-41B4-B2B3-79281DEDA25D}.AppStore|Any CPU.ActiveCfg = Release|x86
		{F871A4E2-0D1D-41B4-B2B3-79281DEDA25D}.AppStore|Any CPU.Build.0 = Release|x86
		{F871A4E2-0D1D-41B4-B2B3-79281DEDA25D}.AppStore|Any CPU.Deploy.0 = Release|x86
		{F871A4E2-0D1D-41B4-B2B3-79281DEDA25D}.AppStore|ARM.ActiveCfg = Release|ARM
		{F871A4E2-0D1D-41B4-B2B3-79281DEDA25D}.AppStore|ARM.Build.0 = Release|ARM
		{F871A4E2-0D1D-41B4-B2B3-79281DEDA25D}.AppStore|ARM.Deploy.0 = Release|ARM
		{F871A4E2-0D1D-41B4-B2B3-79281DEDA25D}.AppStore|iPhone.ActiveCfg = Release|x86
		{F871A4E2-0D1D-41B4-B2B3-79281DEDA25D}.AppStore|iPhone.Build.0 = Release|x86
		{F871A4E2-0D1D-41B4-B2B3-79281DEDA25D}.AppStore|iPhone.Deploy.0 = Release|x86
		{F871A4E2-0D1D-41B4-B2B3-79281DEDA25D}.AppStore|iPhoneSimulator.ActiveCfg = Release|x86
		{F871A4E2-0D1D-41B4-B2B3-79281DEDA25D}.AppStore|iPhoneSimulator.Build.0 = Release|x86
		{F871A4E2-0D1D-41B4-B2B3-79281DEDA25D}.AppStore|iPhoneSimulator.Deploy.0 = Release|x86
		{F871A4E2-0D1D-41B4-B2B3-79281DEDA25D}.AppStore|x64.ActiveCfg = Release|x64
		{F871A4E2-0D1D-41B4-B2B3-79281DEDA25D}.AppStore|x64.Build.0 = Release|x64
		{F871A4E2-0D1D-41B4-B2B3-79281DEDA25D}.AppStore|x64.Deploy.0 = Release|x64
		{F871A4E2-0D1D-41B4-B2B3-79281DEDA25D}.AppStore|x86.ActiveCfg = Release|x86
		{F871A4E2-0D1D-41B4-B2B3-79281DEDA25D}.AppStore|x86.Build.0 = Release|x86
		{F871A4E2-0D1D-41B4-B2B3-79281DEDA25D}.AppStore|x86.Deploy.0 = Release|x86
		{F871A4E2-0D1D-41B4-B2B3-79281DEDA25D}.Debug|Any CPU.ActiveCfg = Debug|x86
		{F871A4E2-0D1D-41B4-B2B3-79281DEDA25D}.Debug|Any CPU.Build.0 = Debug|x86
		{F871A4E2-0D1D-41B4-B2B3-79281DEDA25D}.Debug|Any CPU.Deploy.0 = Debug|x86
		{F871A4E2-0D1D-41B4-B2B3-79281DEDA25D}.Debug|ARM.ActiveCfg = Debug|ARM
		{F871A4E2-0D1D-41B4-B2B3-79281DEDA25D}.Debug|ARM.Build.0 = Debug|ARM
		{F871A4E2-0D1D-41B4-B2B3-79281DEDA25D}.Debug|ARM.Deploy.0 = Debug|ARM
		{F871A4E2-0D1D-41B4-B2B3-79281DEDA25D}.Debug|iPhone.ActiveCfg = Debug|x86
		{F871A4E2-0D1D-41B4-B2B3-79281DEDA25D}.Debug|iPhone.Build.0 = Debug|x86
		{F871A4E2-0D1D-41B4-B2B3-79281DEDA25D}.Debug|iPhone.Deploy.0 = Debug|x86
		{F871A4E2-0D1D-41B4-B2B3-79281DEDA25D}.Debug|iPhoneSimulator.ActiveCfg = Debug|x86
		{F871A4E2-0D1D-41B4-B2B3-79281DEDA25D}.Debug|iPhoneSimulator.Build.0 = Debug|x86
		{F871A4E2-0D1D-41B4-B2B3-79281DEDA25D}.Debug|iPhoneSimulator.Deploy.0 = Debug|x86
		{F871A4E2-0D1D-41B4-B2B3-79281DEDA25D}.Debug|x64.ActiveCfg = Debug|x64
		{F871A4E2-0D1D-41B4-B2B3-79281DEDA25D}.Debug|x64.Build.0 = Debug|x64
		{F871A4E2-0D1D-41B4-B2B3-79281DEDA25D}.Debug|x64.Deploy.0 = Debug|x64
		{F871A4E2-0D1D-41B4-B2B3-79281DEDA25D}.Debug|x86.ActiveCfg = Debug|x86
		{F871A4E2-0D1D-41B4-B2B3-79281DEDA25D}.Debug|x86.Build.0 = Debug|x86
		{F871A4E2-0D1D-41B4-B2B3-79281DEDA25D}.Debug|x86.Deploy.0 = Debug|x86
		{F871A4E2-0D1D-41B4-B2B3-79281DEDA25D}.Release|Any CPU.ActiveCfg = Release|x86
		{F871A4E2-0D1D-41B4-B2B3-79281DEDA25D}.Release|Any CPU.Build.0 = Release|x86
		{F871A4E2-0D1D-41B4-B2B3-79281DEDA25D}.Release|Any CPU.Deploy.0 = Release|x86
		{F871A4E2-0D1D-41B4-B2B3-79281DEDA25D}.Release|ARM.ActiveCfg = Release|ARM
		{F871A4E2-0D1D-41B4-B2B3-79281DEDA25D}.Release|ARM.Build.0 = Release|ARM
		{F871A4E2-0D1D-41B4-B2B3-79281DEDA25D}.Release|ARM.Deploy.0 = Release|ARM
		{F871A4E2-0D1D-41B4-B2B3-79281DEDA25D}.Release|iPhone.ActiveCfg = Release|x86
		{F871A4E2-0D1D-41B4-B2B3-79281DEDA25D}.Release|iPhone.Build.0 = Release|x86
		{F871A4E2-0D1D-41B4-B2B3-79281DEDA25D}.Release|iPhone.Deploy.0 = Release|x86
		{F871A4E2-0D1D-41B4-B2B3-79281DEDA25D}.Release|iPhoneSimulator.ActiveCfg = Release|x86
		{F871A4E2-0D1D-41B4-B2B3-79281DEDA25D}.Release|iPhoneSimulator.Build.0 = Release|x86
		{F871A4E2-0D1D-41B4-B2B3-79281DEDA25D}.Release|iPhoneSimulator.Deploy.0 = Release|x86
		{F871A4E2-0D1D-41B4-B2B3-79281DEDA25D}.Release|x64.ActiveCfg = Release|x64
		{F871A4E2-0D1D-41B4-B2B3-79281DEDA25D}.Release|x64.Build.0 = Release|x64
		{F871A4E2-0D1D-41B4-B2B3-79281DEDA25D}.Release|x64.Deploy.0 = Release|x64
		{F871A4E2-0D1D-41B4-B2B3-79281DEDA25D}.Release|x86.ActiveCfg = Release|x86
		{F871A4E2-0D1D-41B4-B2B3-79281DEDA25D}.Release|x86.Build.0 = Release|x86
		{F871A4E2-0D1D-41B4-B2B3-79281DEDA25D}.Release|x86.Deploy.0 = Release|x86
		{4CA393DF-94F0-4C29-8B0E-84D40EEF876B}.Ad-Hoc|Any CPU.ActiveCfg = Debug|Any CPU
		{4CA393DF-94F0-4C29-8B0E-84D40EEF876B}.Ad-Hoc|Any CPU.Build.0 = Debug|Any CPU
		{4CA393DF-94F0-4C29-8B0E-84D40EEF876B}.Ad-Hoc|Any CPU.Deploy.0 = Debug|Any CPU
		{4CA393DF-94F0-4C29-8B0E-84D40EEF876B}.Ad-Hoc|ARM.ActiveCfg = Debug|Any CPU
		{4CA393DF-94F0-4C29-8B0E-84D40EEF876B}.Ad-Hoc|ARM.Build.0 = Debug|Any CPU
		{4CA393DF-94F0-4C29-8B0E-84D40EEF876B}.Ad-Hoc|ARM.Deploy.0 = Debug|Any CPU
		{4CA393DF-94F0-4C29-8B0E-84D40EEF876B}.Ad-Hoc|iPhone.ActiveCfg = Debug|Any CPU
		{4CA393DF-94F0-4C29-8B0E-84D40EEF876B}.Ad-Hoc|iPhone.Build.0 = Debug|Any CPU
		{4CA393DF-94F0-4C29-8B0E-84D40EEF876B}.Ad-Hoc|iPhone.Deploy.0 = Debug|Any CPU
		{4CA393DF-94F0-4C29-8B0E-84D40EEF876B}.Ad-Hoc|iPhoneSimulator.ActiveCfg = Debug|Any CPU
		{4CA393DF-94F0-4C29-8B0E-84D40EEF876B}.Ad-Hoc|iPhoneSimulator.Build.0 = Debug|Any CPU
		{4CA393DF-94F0-4C29-8B0E-84D40EEF876B}.Ad-Hoc|iPhoneSimulator.Deploy.0 = Debug|Any CPU
		{4CA393DF-94F0-4C29-8B0E-84D40EEF876B}.Ad-Hoc|x64.ActiveCfg = Debug|Any CPU
		{4CA393DF-94F0-4C29-8B0E-84D40EEF876B}.Ad-Hoc|x64.Build.0 = Debug|Any CPU
		{4CA393DF-94F0-4C29-8B0E-84D40EEF876B}.Ad-Hoc|x64.Deploy.0 = Debug|Any CPU
		{4CA393DF-94F0-4C29-8B0E-84D40EEF876B}.Ad-Hoc|x86.ActiveCfg = Debug|Any CPU
		{4CA393DF-94F0-4C29-8B0E-84D40EEF876B}.Ad-Hoc|x86.Build.0 = Debug|Any CPU
		{4CA393DF-94F0-4C29-8B0E-84D40EEF876B}.Ad-Hoc|x86.Deploy.0 = Debug|Any CPU
		{4CA393DF-94F0-4C29-8B0E-84D40EEF876B}.AppStore|Any CPU.ActiveCfg = Debug|Any CPU
		{4CA393DF-94F0-4C29-8B0E-84D40EEF876B}.AppStore|Any CPU.Build.0 = Debug|Any CPU
		{4CA393DF-94F0-4C29-8B0E-84D40EEF876B}.AppStore|Any CPU.Deploy.0 = Debug|Any CPU
		{4CA393DF-94F0-4C29-8B0E-84D40EEF876B}.AppStore|ARM.ActiveCfg = Debug|Any CPU
		{4CA393DF-94F0-4C29-8B0E-84D40EEF876B}.AppStore|ARM.Build.0 = Debug|Any CPU
		{4CA393DF-94F0-4C29-8B0E-84D40EEF876B}.AppStore|ARM.Deploy.0 = Debug|Any CPU
		{4CA393DF-94F0-4C29-8B0E-84D40EEF876B}.AppStore|iPhone.ActiveCfg = Debug|Any CPU
		{4CA393DF-94F0-4C29-8B0E-84D40EEF876B}.AppStore|iPhone.Build.0 = Debug|Any CPU
		{4CA393DF-94F0-4C29-8B0E-84D40EEF876B}.AppStore|iPhone.Deploy.0 = Debug|Any CPU
		{4CA393DF-94F0-4C29-8B0E-84D40EEF876B}.AppStore|iPhoneSimulator.ActiveCfg = Debug|Any CPU
		{4CA393DF-94F0-4C29-8B0E-84D40EEF876B}.AppStore|iPhoneSimulator.Build.0 = Debug|Any CPU
		{4CA393DF-94F0-4C29-8B0E-84D40EEF876B}.AppStore|iPhoneSimulator.Deploy.0 = Debug|Any CPU
		{4CA393DF-94F0-4C29-8B0E-84D40EEF876B}.AppStore|x64.ActiveCfg = Debug|Any CPU
		{4CA393DF-94F0-4C29-8B0E-84D40EEF876B}.AppStore|x64.Build.0 = Debug|Any CPU
		{4CA393DF-94F0-4C29-8B0E-84D40EEF876B}.AppStore|x64.Deploy.0 = Debug|Any CPU
		{4CA393DF-94F0-4C29-8B0E-84D40EEF876B}.AppStore|x86.ActiveCfg = Debug|Any CPU
		{4CA393DF-94F0-4C29-8B0E-84D40EEF876B}.AppStore|x86.Build.0 = Debug|Any CPU
		{4CA393DF-94F0-4C29-8B0E-84D40EEF876B}.AppStore|x86.Deploy.0 = Debug|Any CPU
		{4CA393DF-94F0-4C29-8B0E-84D40EEF876B}.Debug|Any CPU.ActiveCfg = Debug|Any CPU
		{4CA393DF-94F0-4C29-8B0E-84D40EEF876B}.Debug|Any CPU.Build.0 = Debug|Any CPU
		{4CA393DF-94F0-4C29-8B0E-84D40EEF876B}.Debug|Any CPU.Deploy.0 = Debug|Any CPU
		{4CA393DF-94F0-4C29-8B0E-84D40EEF876B}.Debug|ARM.ActiveCfg = Debug|Any CPU
		{4CA393DF-94F0-4C29-8B0E-84D40EEF876B}.Debug|ARM.Build.0 = Debug|Any CPU
		{4CA393DF-94F0-4C29-8B0E-84D40EEF876B}.Debug|ARM.Deploy.0 = Debug|Any CPU
		{4CA393DF-94F0-4C29-8B0E-84D40EEF876B}.Debug|iPhone.ActiveCfg = Debug|Any CPU
		{4CA393DF-94F0-4C29-8B0E-84D40EEF876B}.Debug|iPhone.Build.0 = Debug|Any CPU
		{4CA393DF-94F0-4C29-8B0E-84D40EEF876B}.Debug|iPhone.Deploy.0 = Debug|Any CPU
		{4CA393DF-94F0-4C29-8B0E-84D40EEF876B}.Debug|iPhoneSimulator.ActiveCfg = Debug|Any CPU
		{4CA393DF-94F0-4C29-8B0E-84D40EEF876B}.Debug|iPhoneSimulator.Build.0 = Debug|Any CPU
		{4CA393DF-94F0-4C29-8B0E-84D40EEF876B}.Debug|iPhoneSimulator.Deploy.0 = Debug|Any CPU
		{4CA393DF-94F0-4C29-8B0E-84D40EEF876B}.Debug|x64.ActiveCfg = Debug|Any CPU
		{4CA393DF-94F0-4C29-8B0E-84D40EEF876B}.Debug|x64.Build.0 = Debug|Any CPU
		{4CA393DF-94F0-4C29-8B0E-84D40EEF876B}.Debug|x64.Deploy.0 = Debug|Any CPU
		{4CA393DF-94F0-4C29-8B0E-84D40EEF876B}.Debug|x86.ActiveCfg = Debug|Any CPU
		{4CA393DF-94F0-4C29-8B0E-84D40EEF876B}.Debug|x86.Build.0 = Debug|Any CPU
		{4CA393DF-94F0-4C29-8B0E-84D40EEF876B}.Debug|x86.Deploy.0 = Debug|Any CPU
		{4CA393DF-94F0-4C29-8B0E-84D40EEF876B}.Release|Any CPU.ActiveCfg = Release|Any CPU
		{4CA393DF-94F0-4C29-8B0E-84D40EEF876B}.Release|Any CPU.Build.0 = Release|Any CPU
		{4CA393DF-94F0-4C29-8B0E-84D40EEF876B}.Release|Any CPU.Deploy.0 = Release|Any CPU
		{4CA393DF-94F0-4C29-8B0E-84D40EEF876B}.Release|ARM.ActiveCfg = Release|Any CPU
		{4CA393DF-94F0-4C29-8B0E-84D40EEF876B}.Release|ARM.Build.0 = Release|Any CPU
		{4CA393DF-94F0-4C29-8B0E-84D40EEF876B}.Release|ARM.Deploy.0 = Release|Any CPU
		{4CA393DF-94F0-4C29-8B0E-84D40EEF876B}.Release|iPhone.ActiveCfg = Release|Any CPU
		{4CA393DF-94F0-4C29-8B0E-84D40EEF876B}.Release|iPhone.Build.0 = Release|Any CPU
		{4CA393DF-94F0-4C29-8B0E-84D40EEF876B}.Release|iPhone.Deploy.0 = Release|Any CPU
		{4CA393DF-94F0-4C29-8B0E-84D40EEF876B}.Release|iPhoneSimulator.ActiveCfg = Release|Any CPU
		{4CA393DF-94F0-4C29-8B0E-84D40EEF876B}.Release|iPhoneSimulator.Build.0 = Release|Any CPU
		{4CA393DF-94F0-4C29-8B0E-84D40EEF876B}.Release|iPhoneSimulator.Deploy.0 = Release|Any CPU
		{4CA393DF-94F0-4C29-8B0E-84D40EEF876B}.Release|x64.ActiveCfg = Release|Any CPU
		{4CA393DF-94F0-4C29-8B0E-84D40EEF876B}.Release|x64.Build.0 = Release|Any CPU
		{4CA393DF-94F0-4C29-8B0E-84D40EEF876B}.Release|x64.Deploy.0 = Release|Any CPU
		{4CA393DF-94F0-4C29-8B0E-84D40EEF876B}.Release|x86.ActiveCfg = Release|Any CPU
		{4CA393DF-94F0-4C29-8B0E-84D40EEF876B}.Release|x86.Build.0 = Release|Any CPU
		{4CA393DF-94F0-4C29-8B0E-84D40EEF876B}.Release|x86.Deploy.0 = Release|Any CPU
	EndGlobalSection
	GlobalSection(SolutionProperties) = preSolution
		HideSolutionNode = FALSE
	EndGlobalSection
	GlobalSection(ExtensibilityGlobals) = postSolution
		SolutionGuid = {6C6497FA-790E-417F-AA57-27FC371C09DB}
	EndGlobalSection
EndGlobal
